
Microsoft Visual Studio Solution File, Format Version 12.00
# Visual Studio 2012
Project("{FAE04EC0-301F-11D3-BF4B-00C04F79EFBC}") = "BasicSynatx", "BasicSynatx\BasicSynatx.csproj", "{CFDE35D4-AB92-426E-8554-CFE5D360C90A}"
EndProject
Global
	GlobalSection(SolutionConfigurationPlatforms) = preSolution
		Debug|Any CPU = Debug|Any CPU
		Release|Any CPU = Release|Any CPU
	EndGlobalSection
	GlobalSection(ProjectConfigurationPlatforms) = postSolution
		{CFDE35D4-AB92-426E-8554-CFE5D360C90A}.Debug|Any CPU.ActiveCfg = Debug|Any CPU
		{CFDE35D4-AB92-426E-8554-CFE5D360C90A}.Debug|Any CPU.Build.0 = Debug|Any CPU
		{CFDE35D4-AB92-426E-8554-CFE5D360C90A}.Release|Any CPU.ActiveCfg = Release|Any CPU
		{CFDE35D4-AB92-426E-8554-CFE5D360C90A}.Release|Any CPU.Build.0 = Release|Any CPU
	EndGlobalSection
	GlobalSection(SolutionProperties) = preSolution
		HideSolutionNode = FALSE
	EndGlobalSection
EndGlobal
